// !$*UTF8*$!
{
	archiveVersion = 1;
	classes = {
	};
	objectVersion = 55;
	objects = {

/* Begin PBXBuildFile section */
		433994EB2813CEE000902233 /* AddModalView.swift in Sources */ = {isa = PBXBuildFile; fileRef = 433994EA2813CEE000902233 /* AddModalView.swift */; };
		433DDCD1281C1E8100384E6C /* README.md in Resources */ = {isa = PBXBuildFile; fileRef = 433DDCD0281C1E8100384E6C /* README.md */; };
		4397DB0E280F2B070019A4BA /* TermDetailView.swift in Sources */ = {isa = PBXBuildFile; fileRef = 4397DB0D280F2B070019A4BA /* TermDetailView.swift */; };
		43C62822280D75E4009D1B2F /* MyGPAApp.swift in Sources */ = {isa = PBXBuildFile; fileRef = 43C62821280D75E4009D1B2F /* MyGPAApp.swift */; };
		43C62826280D75E6009D1B2F /* Assets.xcassets in Resources */ = {isa = PBXBuildFile; fileRef = 43C62825280D75E6009D1B2F /* Assets.xcassets */; };
		43C62829280D75E6009D1B2F /* Preview Assets.xcassets in Resources */ = {isa = PBXBuildFile; fileRef = 43C62828280D75E6009D1B2F /* Preview Assets.xcassets */; };
		43C6282B280D75E6009D1B2F /* Persistence.swift in Sources */ = {isa = PBXBuildFile; fileRef = 43C6282A280D75E6009D1B2F /* Persistence.swift */; };
		43C6282E280D75E6009D1B2F /* MyGPA.xcdatamodeld in Sources */ = {isa = PBXBuildFile; fileRef = 43C6282C280D75E6009D1B2F /* MyGPA.xcdatamodeld */; };
		43C62835280D7844009D1B2F /* HomeView.swift in Sources */ = {isa = PBXBuildFile; fileRef = 43C62834280D7844009D1B2F /* HomeView.swift */; };
		43C62838280D79B2009D1B2F /* TermCell.swift in Sources */ = {isa = PBXBuildFile; fileRef = 43C62837280D79B2009D1B2F /* TermCell.swift */; };
		43C6283A280D88CE009D1B2F /* SummaryTable.swift in Sources */ = {isa = PBXBuildFile; fileRef = 43C62839280D88CD009D1B2F /* SummaryTable.swift */; };
		43DE3568281119D40030F268 /* ClassCell.swift in Sources */ = {isa = PBXBuildFile; fileRef = 43DE3567281119D40030F268 /* ClassCell.swift */; };
/* End PBXBuildFile section */

/* Begin PBXFileReference section */
		433994EA2813CEE000902233 /* AddModalView.swift */ = {isa = PBXFileReference; lastKnownFileType = sourcecode.swift; path = AddModalView.swift; sourceTree = "<group>"; };
		433DDCD0281C1E8100384E6C /* README.md */ = {isa = PBXFileReference; fileEncoding = 4; lastKnownFileType = net.daringfireball.markdown; path = README.md; sourceTree = "<group>"; };
		4397DB0D280F2B070019A4BA /* TermDetailView.swift */ = {isa = PBXFileReference; lastKnownFileType = sourcecode.swift; path = TermDetailView.swift; sourceTree = "<group>"; };
		43C6281E280D75E4009D1B2F /* MyGPA.app */ = {isa = PBXFileReference; explicitFileType = wrapper.application; includeInIndex = 0; path = MyGPA.app; sourceTree = BUILT_PRODUCTS_DIR; };
		43C62821280D75E4009D1B2F /* MyGPAApp.swift */ = {isa = PBXFileReference; lastKnownFileType = sourcecode.swift; path = MyGPAApp.swift; sourceTree = "<group>"; };
		43C62825280D75E6009D1B2F /* Assets.xcassets */ = {isa = PBXFileReference; lastKnownFileType = folder.assetcatalog; path = Assets.xcassets; sourceTree = "<group>"; };
		43C62828280D75E6009D1B2F /* Preview Assets.xcassets */ = {isa = PBXFileReference; lastKnownFileType = folder.assetcatalog; path = "Preview Assets.xcassets"; sourceTree = "<group>"; };
		43C6282A280D75E6009D1B2F /* Persistence.swift */ = {isa = PBXFileReference; lastKnownFileType = sourcecode.swift; path = Persistence.swift; sourceTree = "<group>"; };
		43C6282D280D75E6009D1B2F /* MyGPA.xcdatamodel */ = {isa = PBXFileReference; lastKnownFileType = wrapper.xcdatamodel; path = MyGPA.xcdatamodel; sourceTree = "<group>"; };
		43C62834280D7844009D1B2F /* HomeView.swift */ = {isa = PBXFileReference; lastKnownFileType = sourcecode.swift; path = HomeView.swift; sourceTree = "<group>"; };
		43C62837280D79B2009D1B2F /* TermCell.swift */ = {isa = PBXFileReference; lastKnownFileType = sourcecode.swift; path = TermCell.swift; sourceTree = "<group>"; };
		43C62839280D88CD009D1B2F /* SummaryTable.swift */ = {isa = PBXFileReference; lastKnownFileType = sourcecode.swift; path = SummaryTable.swift; sourceTree = "<group>"; };
		43DE3567281119D40030F268 /* ClassCell.swift */ = {isa = PBXFileReference; lastKnownFileType = sourcecode.swift; path = ClassCell.swift; sourceTree = "<group>"; };
/* End PBXFileReference section */

/* Begin PBXFrameworksBuildPhase section */
		43C6281B280D75E4009D1B2F /* Frameworks */ = {
			isa = PBXFrameworksBuildPhase;
			buildActionMask = 2147483647;
			files = (
			);
			runOnlyForDeploymentPostprocessing = 0;
		};
/* End PBXFrameworksBuildPhase section */

/* Begin PBXGroup section */
		4397DB08280DCD600019A4BA /* Models */ = {
			isa = PBXGroup;
			children = (
				43C6282C280D75E6009D1B2F /* MyGPA.xcdatamodeld */,
			);
			path = Models;
			sourceTree = "<group>";
		};
		4397DB0B280F27520019A4BA /* Home */ = {
			isa = PBXGroup;
			children = (
				43C62834280D7844009D1B2F /* HomeView.swift */,
				43C62839280D88CD009D1B2F /* SummaryTable.swift */,
				43C62837280D79B2009D1B2F /* TermCell.swift */,
			);
			path = Home;
			sourceTree = "<group>";
		};
		4397DB0C280F27630019A4BA /* TermDetail */ = {
			isa = PBXGroup;
			children = (
				4397DB0D280F2B070019A4BA /* TermDetailView.swift */,
				433994EA2813CEE000902233 /* AddModalView.swift */,
				43DE3567281119D40030F268 /* ClassCell.swift */,
			);
			path = TermDetail;
			sourceTree = "<group>";
		};
		43C62815280D75E4009D1B2F = {
			isa = PBXGroup;
			children = (
				433DDCD0281C1E8100384E6C /* README.md */,
				43C62820280D75E4009D1B2F /* MyGPA */,
				43C6281F280D75E4009D1B2F /* Products */,
			);
			sourceTree = "<group>";
		};
		43C6281F280D75E4009D1B2F /* Products */ = {
			isa = PBXGroup;
			children = (
				43C6281E280D75E4009D1B2F /* MyGPA.app */,
			);
			name = Products;
			sourceTree = "<group>";
		};
		43C62820280D75E4009D1B2F /* MyGPA */ = {
			isa = PBXGroup;
			children = (
				43C62821280D75E4009D1B2F /* MyGPAApp.swift */,
				4397DB08280DCD600019A4BA /* Models */,
				43C62836280D7863009D1B2F /* Views */,
				43C62825280D75E6009D1B2F /* Assets.xcassets */,
				43C6282A280D75E6009D1B2F /* Persistence.swift */,
				43C62827280D75E6009D1B2F /* Preview Content */,
			);
			path = MyGPA;
			sourceTree = "<group>";
		};
		43C62827280D75E6009D1B2F /* Preview Content */ = {
			isa = PBXGroup;
			children = (
				43C62828280D75E6009D1B2F /* Preview Assets.xcassets */,
			);
			path = "Preview Content";
			sourceTree = "<group>";
		};
		43C62836280D7863009D1B2F /* Views */ = {
			isa = PBXGroup;
			children = (
				4397DB0C280F27630019A4BA /* TermDetail */,
				4397DB0B280F27520019A4BA /* Home */,
			);
			path = Views;
			sourceTree = "<group>";
		};
/* End PBXGroup section */

/* Begin PBXNativeTarget section */
		43C6281D280D75E4009D1B2F /* MyGPA */ = {
			isa = PBXNativeTarget;
			buildConfigurationList = 43C62831280D75E6009D1B2F /* Build configuration list for PBXNativeTarget "MyGPA" */;
			buildPhases = (
				43C6281A280D75E4009D1B2F /* Sources */,
				43C6281B280D75E4009D1B2F /* Frameworks */,
				43C6281C280D75E4009D1B2F /* Resources */,
			);
			buildRules = (
			);
			dependencies = (
			);
			name = MyGPA;
			productName = MyGPA;
			productReference = 43C6281E280D75E4009D1B2F /* MyGPA.app */;
			productType = "com.apple.product-type.application";
		};
/* End PBXNativeTarget section */

/* Begin PBXProject section */
		43C62816280D75E4009D1B2F /* Project object */ = {
			isa = PBXProject;
			attributes = {
				BuildIndependentTargetsInParallel = 1;
				LastSwiftUpdateCheck = 1330;
				LastUpgradeCheck = 1330;
				TargetAttributes = {
					43C6281D280D75E4009D1B2F = {
						CreatedOnToolsVersion = 13.3;
					};
				};
			};
			buildConfigurationList = 43C62819280D75E4009D1B2F /* Build configuration list for PBXProject "MyGPA" */;
			compatibilityVersion = "Xcode 13.0";
			developmentRegion = en;
			hasScannedForEncodings = 0;
			knownRegions = (
				en,
				Base,
			);
			mainGroup = 43C62815280D75E4009D1B2F;
			productRefGroup = 43C6281F280D75E4009D1B2F /* Products */;
			projectDirPath = "";
			projectRoot = "";
			targets = (
				43C6281D280D75E4009D1B2F /* MyGPA */,
			);
		};
/* End PBXProject section */

/* Begin PBXResourcesBuildPhase section */
		43C6281C280D75E4009D1B2F /* Resources */ = {
			isa = PBXResourcesBuildPhase;
			buildActionMask = 2147483647;
			files = (
				433DDCD1281C1E8100384E6C /* README.md in Resources */,
				43C62829280D75E6009D1B2F /* Preview Assets.xcassets in Resources */,
				43C62826280D75E6009D1B2F /* Assets.xcassets in Resources */,
			);
			runOnlyForDeploymentPostprocessing = 0;
		};
/* End PBXResourcesBuildPhase section */

/* Begin PBXSourcesBuildPhase section */
		43C6281A280D75E4009D1B2F /* Sources */ = {
			isa = PBXSourcesBuildPhase;
			buildActionMask = 2147483647;
			files = (
				43C6282E280D75E6009D1B2F /* MyGPA.xcdatamodeld in Sources */,
				43C6282B280D75E6009D1B2F /* Persistence.swift in Sources */,
				4397DB0E280F2B070019A4BA /* TermDetailView.swift in Sources */,
				43DE3568281119D40030F268 /* ClassCell.swift in Sources */,
				433994EB2813CEE000902233 /* AddModalView.swift in Sources */,
				43C6283A280D88CE009D1B2F /* SummaryTable.swift in Sources */,
				43C62835280D7844009D1B2F /* HomeView.swift in Sources */,
				43C62822280D75E4009D1B2F /* MyGPAApp.swift in Sources */,
				43C62838280D79B2009D1B2F /* TermCell.swift in Sources */,
			);
			runOnlyForDeploymentPostprocessing = 0;
		};
/* End PBXSourcesBuildPhase section */

/* Begin XCBuildConfiguration section */
		43C6282F280D75E6009D1B2F /* Debug */ = {
			isa = XCBuildConfiguration;
			buildSettings = {
				ALWAYS_SEARCH_USER_PATHS = NO;
				CLANG_ANALYZER_NONNULL = YES;
				CLANG_ANALYZER_NUMBER_OBJECT_CONVERSION = YES_AGGRESSIVE;
				CLANG_CXX_LANGUAGE_STANDARD = "gnu++17";
				CLANG_ENABLE_MODULES = YES;
				CLANG_ENABLE_OBJC_ARC = YES;
				CLANG_ENABLE_OBJC_WEAK = YES;
				CLANG_WARN_BLOCK_CAPTURE_AUTORELEASING = YES;
				CLANG_WARN_BOOL_CONVERSION = YES;
				CLANG_WARN_COMMA = YES;
				CLANG_WARN_CONSTANT_CONVERSION = YES;
				CLANG_WARN_DEPRECATED_OBJC_IMPLEMENTATIONS = YES;
				CLANG_WARN_DIRECT_OBJC_ISA_USAGE = YES_ERROR;
				CLANG_WARN_DOCUMENTATION_COMMENTS = YES;
				CLANG_WARN_EMPTY_BODY = YES;
				CLANG_WARN_ENUM_CONVERSION = YES;
				CLANG_WARN_INFINITE_RECURSION = YES;
				CLANG_WARN_INT_CONVERSION = YES;
				CLANG_WARN_NON_LITERAL_NULL_CONVERSION = YES;
				CLANG_WARN_OBJC_IMPLICIT_RETAIN_SELF = YES;
				CLANG_WARN_OBJC_LITERAL_CONVERSION = YES;
				CLANG_WARN_OBJC_ROOT_CLASS = YES_ERROR;
				CLANG_WARN_QUOTED_INCLUDE_IN_FRAMEWORK_HEADER = YES;
				CLANG_WARN_RANGE_LOOP_ANALYSIS = YES;
				CLANG_WARN_STRICT_PROTOTYPES = YES;
				CLANG_WARN_SUSPICIOUS_MOVE = YES;
				CLANG_WARN_UNGUARDED_AVAILABILITY = YES_AGGRESSIVE;
				CLANG_WARN_UNREACHABLE_CODE = YES;
				CLANG_WARN__DUPLICATE_METHOD_MATCH = YES;
				COPY_PHASE_STRIP = NO;
				DEBUG_INFORMATION_FORMAT = dwarf;
				ENABLE_STRICT_OBJC_MSGSEND = YES;
				ENABLE_TESTABILITY = YES;
				GCC_C_LANGUAGE_STANDARD = gnu11;
				GCC_DYNAMIC_NO_PIC = NO;
				GCC_NO_COMMON_BLOCKS = YES;
				GCC_OPTIMIZATION_LEVEL = 0;
				GCC_PREPROCESSOR_DEFINITIONS = (
					"DEBUG=1",
					"$(inherited)",
				);
				GCC_WARN_64_TO_32_BIT_CONVERSION = YES;
				GCC_WARN_ABOUT_RETURN_TYPE = YES_ERROR;
				GCC_WARN_UNDECLARED_SELECTOR = YES;
				GCC_WARN_UNINITIALIZED_AUTOS = YES_AGGRESSIVE;
				GCC_WARN_UNUSED_FUNCTION = YES;
				GCC_WARN_UNUSED_VARIABLE = YES;
				IPHONEOS_DEPLOYMENT_TARGET = 15.4;
				MTL_ENABLE_DEBUG_INFO = INCLUDE_SOURCE;
				MTL_FAST_MATH = YES;
				ONLY_ACTIVE_ARCH = YES;
				SDKROOT = iphoneos;
				SWIFT_ACTIVE_COMPILATION_CONDITIONS = DEBUG;
				SWIFT_OPTIMIZATION_LEVEL = "-Onone";
			};
			name = Debug;
		};
		43C62830280D75E6009D1B2F /* Release */ = {
			isa = XCBuildConfiguration;
			buildSettings = {
				ALWAYS_SEARCH_USER_PATHS = NO;
				CLANG_ANALYZER_NONNULL = YES;
				CLANG_ANALYZER_NUMBER_OBJECT_CONVERSION = YES_AGGRESSIVE;
				CLANG_CXX_LANGUAGE_STANDARD = "gnu++17";
				CLANG_ENABLE_MODULES = YES;
				CLANG_ENABLE_OBJC_ARC = YES;
				CLANG_ENABLE_OBJC_WEAK = YES;
				CLANG_WARN_BLOCK_CAPTURE_AUTORELEASING = YES;
				CLANG_WARN_BOOL_CONVERSION = YES;
				CLANG_WARN_COMMA = YES;
				CLANG_WARN_CONSTANT_CONVERSION = YES;
				CLANG_WARN_DEPRECATED_OBJC_IMPLEMENTATIONS = YES;
				CLANG_WARN_DIRECT_OBJC_ISA_USAGE = YES_ERROR;
				CLANG_WARN_DOCUMENTATION_COMMENTS = YES;
				CLANG_WARN_EMPTY_BODY = YES;
				CLANG_WARN_ENUM_CONVERSION = YES;
				CLANG_WARN_INFINITE_RECURSION = YES;
				CLANG_WARN_INT_CONVERSION = YES;
				CLANG_WARN_NON_LITERAL_NULL_CONVERSION = YES;
				CLANG_WARN_OBJC_IMPLICIT_RETAIN_SELF = YES;
				CLANG_WARN_OBJC_LITERAL_CONVERSION = YES;
				CLANG_WARN_OBJC_ROOT_CLASS = YES_ERROR;
				CLANG_WARN_QUOTED_INCLUDE_IN_FRAMEWORK_HEADER = YES;
				CLANG_WARN_RANGE_LOOP_ANALYSIS = YES;
				CLANG_WARN_STRICT_PROTOTYPES = YES;
				CLANG_WARN_SUSPICIOUS_MOVE = YES;
				CLANG_WARN_UNGUARDED_AVAILABILITY = YES_AGGRESSIVE;
				CLANG_WARN_UNREACHABLE_CODE = YES;
				CLANG_WARN__DUPLICATE_METHOD_MATCH = YES;
				COPY_PHASE_STRIP = NO;
				DEBUG_INFORMATION_FORMAT = "dwarf-with-dsym";
				ENABLE_NS_ASSERTIONS = NO;
				ENABLE_STRICT_OBJC_MSGSEND = YES;
				GCC_C_LANGUAGE_STANDARD = gnu11;
				GCC_NO_COMMON_BLOCKS = YES;
				GCC_WARN_64_TO_32_BIT_CONVERSION = YES;
				GCC_WARN_ABOUT_RETURN_TYPE = YES_ERROR;
				GCC_WARN_UNDECLARED_SELECTOR = YES;
				GCC_WARN_UNINITIALIZED_AUTOS = YES_AGGRESSIVE;
				GCC_WARN_UNUSED_FUNCTION = YES;
				GCC_WARN_UNUSED_VARIABLE = YES;
				IPHONEOS_DEPLOYMENT_TARGET = 15.4;
				MTL_ENABLE_DEBUG_INFO = NO;
				MTL_FAST_MATH = YES;
				SDKROOT = iphoneos;
				SWIFT_COMPILATION_MODE = wholemodule;
				SWIFT_OPTIMIZATION_LEVEL = "-O";
				VALIDATE_PRODUCT = YES;
			};
			name = Release;
		};
		43C62832280D75E6009D1B2F /* Debug */ = {
			isa = XCBuildConfiguration;
			buildSettings = {
				ASSETCATALOG_COMPILER_APPICON_NAME = AppIcon;
				ASSETCATALOG_COMPILER_GLOBAL_ACCENT_COLOR_NAME = AccentColor;
				CODE_SIGN_STYLE = Automatic;
				CURRENT_PROJECT_VERSION = 1;
				DEVELOPMENT_ASSET_PATHS = "\"MyGPA/Preview Content\"";
				DEVELOPMENT_TEAM = G4VYKVQHB6;
				ENABLE_PREVIEWS = YES;
				GENERATE_INFOPLIST_FILE = YES;
				INFOPLIST_KEY_UIApplicationSceneManifest_Generation = YES;
				INFOPLIST_KEY_UIApplicationSupportsIndirectInputEvents = YES;
				INFOPLIST_KEY_UILaunchScreen_Generation = YES;
				INFOPLIST_KEY_UISupportedInterfaceOrientations = UIInterfaceOrientationPortrait;
				INFOPLIST_KEY_UISupportedInterfaceOrientations_iPad = "UIInterfaceOrientationPortrait UIInterfaceOrientationPortraitUpsideDown UIInterfaceOrientationLandscapeLeft UIInterfaceOrientationLandscapeRight";
				INFOPLIST_KEY_UISupportedInterfaceOrientations_iPhone = UIInterfaceOrientationPortrait;
				LD_RUNPATH_SEARCH_PATHS = (
					"$(inherited)",
					"@executable_path/Frameworks",
				);
				MARKETING_VERSION = 1.0;
				PRODUCT_BUNDLE_IDENTIFIER = com.saepasomba.MyGPA;
				PRODUCT_NAME = "$(TARGET_NAME)";
				SWIFT_EMIT_LOC_STRINGS = YES;
				SWIFT_VERSION = 5.0;
				TARGETED_DEVICE_FAMILY = 1;
			};
			name = Debug;
		};
		43C62833280D75E6009D1B2F /* Release */ = {
			isa = XCBuildConfiguration;
			buildSettings = {
				ASSETCATALOG_COMPILER_APPICON_NAME = AppIcon;
				ASSETCATALOG_COMPILER_GLOBAL_ACCENT_COLOR_NAME = AccentColor;
				CODE_SIGN_STYLE = Automatic;
				CURRENT_PROJECT_VERSION = 1;
				DEVELOPMENT_ASSET_PATHS = "\"MyGPA/Preview Content\"";
				DEVELOPMENT_TEAM = G4VYKVQHB6;
				ENABLE_PREVIEWS = YES;
				GENERATE_INFOPLIST_FILE = YES;
				INFOPLIST_KEY_UIApplicationSceneManifest_Generation = YES;
				INFOPLIST_KEY_UIApplicationSupportsIndirectInputEvents = YES;
				INFOPLIST_KEY_UILaunchScreen_Generation = YES;
				INFOPLIST_KEY_UISupportedInterfaceOrientations = UIInterfaceOrientationPortrait;
				INFOPLIST_KEY_UISupportedInterfaceOrientations_iPad = "UIInterfaceOrientationPortrait UIInterfaceOrientationPortraitUpsideDown UIInterfaceOrientationLandscapeLeft UIInterfaceOrientationLandscapeRight";
				INFOPLIST_KEY_UISupportedInterfaceOrientations_iPhone = UIInterfaceOrientationPortrait;
				LD_RUNPATH_SEARCH_PATHS = (
					"$(inherited)",
					"@executable_path/Frameworks",
				);
				MARKETING_VERSION = 1.0;
				PRODUCT_BUNDLE_IDENTIFIER = com.saepasomba.MyGPA;
				PRODUCT_NAME = "$(TARGET_NAME)";
				SWIFT_EMIT_LOC_STRINGS = YES;
				SWIFT_VERSION = 5.0;
				TARGETED_DEVICE_FAMILY = 1;
			};
			name = Release;
		};
/* End XCBuildConfiguration section */

/* Begin XCConfigurationList section */
		43C62819280D75E4009D1B2F /* Build configuration list for PBXProject "MyGPA" */ = {
			isa = XCConfigurationList;
			buildConfigurations = (
				43C6282F280D75E6009D1B2F /* Debug */,
				43C62830280D75E6009D1B2F /* Release */,
			);
			defaultConfigurationIsVisible = 0;
			defaultConfigurationName = Release;
		};
		43C62831280D75E6009D1B2F /* Build configuration list for PBXNativeTarget "MyGPA" */ = {
			isa = XCConfigurationList;
			buildConfigurations = (
				43C62832280D75E6009D1B2F /* Debug */,
				43C62833280D75E6009D1B2F /* Release */,
			);
			defaultConfigurationIsVisible = 0;
			defaultConfigurationName = Release;
		};
/* End XCConfigurationList section */

/* Begin XCVersionGroup section */
		43C6282C280D75E6009D1B2F /* MyGPA.xcdatamodeld */ = {
			isa = XCVersionGroup;
			children = (
				43C6282D280D75E6009D1B2F /* MyGPA.xcdatamodel */,
			);
			currentVersion = 43C6282D280D75E6009D1B2F /* MyGPA.xcdatamodel */;
			path = MyGPA.xcdatamodeld;
			sourceTree = "<group>";
			versionGroupType = wrapper.xcdatamodel;
		};
/* End XCVersionGroup section */
	};
	rootObject = 43C62816280D75E4009D1B2F /* Project object */;
}
